
Microsoft Visual Studio Solution File, Format Version 12.00
# Visual Studio Version 17
VisualStudioVersion = 17.9.34607.119
MinimumVisualStudioVersion = 10.0.40219.1
Project("{FAE04EC0-301F-11D3-BF4B-00C04F79EFBC}") = "GiantExtensionLaddersV2", "GiantExtensionLaddersV2\GiantExtensionLaddersV2.csproj", "{B98815F5-9DF8-458F-B964-15CD955DBF9D}"
EndProject
Global
	GlobalSection(SolutionConfigurationPlatforms) = preSolution
		Debug|Any CPU = Debug|Any CPU
		Release|Any CPU = Release|Any CPU
	EndGlobalSection
	GlobalSection(ProjectConfigurationPlatforms) = postSolution
		{B98815F5-9DF8-458F-B964-15CD955DBF9D}.Debug|Any CPU.ActiveCfg = Debug|Any CPU
		{B98815F5-9DF8-458F-B964-15CD955DBF9D}.Debug|Any CPU.Build.0 = Debug|Any CPU
		{B98815F5-9DF8-458F-B964-15CD955DBF9D}.Release|Any CPU.ActiveCfg = Release|Any CPU
		{B98815F5-9DF8-458F-B964-15CD955DBF9D}.Release|Any CPU.Build.0 = Release|Any CPU
	EndGlobalSection
	GlobalSection(SolutionProperties) = preSolution
		HideSolutionNode = FALSE
	EndGlobalSection
	GlobalSection(ExtensibilityGlobals) = postSolution
		SolutionGuid = {97757AB2-016B-47C1-80FF-A8A6B97EA1CF}
	EndGlobalSection
EndGlobal
